version = 1
revision = 1
requires-python = ">=3.12.1"

[[package]]
name = "dht-20"
version = "0.1.0"
source = { virtual = "." }
dependencies = [
    { name = "smbus2" },
    { name = "viam-sdk" },
]

[package.metadata]
requires-dist = [
    { name = "smbus2", specifier = ">=0.5.0" },
    { name = "viam-sdk", specifier = ">=0.51.0" },
]

[[package]]
name = "dnspython"
version = "2.7.0"
source = { registry = "https://pypi.org/simple" }
sdist = { url = "https://files.pythonhosted.org/packages/b5/4a/263763cb2ba3816dd94b08ad3a33d5fdae34ecb856678773cc40a3605829/dnspython-2.7.0.tar.gz", hash = "sha256:ce9c432eda0dc91cf618a5cedf1a4e142651196bbcd2c80e89ed5a907e5cfaf1", size = 345197 }
wheels = [
    { url = "https://files.pythonhosted.org/packages/68/1b/e0a87d256e40e8c888847551b20a017a6b98139178505dc7ffb96f04e954/dnspython-2.7.0-py3-none-any.whl", hash = "sha256:b4c34b7d10b51bcc3a5071e7b8dee77939f1e878477eeecc965e9835f63c6c86", size = 313632 },
]

[[package]]
name = "googleapis-common-protos"
version = "1.70.0"
source = { registry = "https://pypi.org/simple" }
dependencies = [
    { name = "protobuf" },
]
sdist = { url = "https://files.pythonhosted.org/packages/39/24/33db22342cf4a2ea27c9955e6713140fedd51e8b141b5ce5260897020f1a/googleapis_common_protos-1.70.0.tar.gz", hash = "sha256:0e1b44e0ea153e6594f9f394fef15193a68aaaea2d843f83e2742717ca753257", size = 145903 }
wheels = [
    { url = "https://files.pythonhosted.org/packages/86/f1/62a193f0227cf15a920390abe675f386dec35f7ae3ffe6da582d3ade42c7/googleapis_common_protos-1.70.0-py3-none-any.whl", hash = "sha256:b8bfcca8c25a2bb253e0e0b0adaf8c00773e5e6af6fd92397576680b807e0fd8", size = 294530 },
]

[[package]]
name = "grpclib"
version = "0.4.8"
source = { registry = "https://pypi.org/simple" }
dependencies = [
    { name = "h2" },
    { name = "multidict" },
]
sdist = { url = "https://files.pythonhosted.org/packages/19/75/0f0d3524b38b35e5cd07334b754aa9bd0570140ad982131b04ebfa3b0374/grpclib-0.4.8.tar.gz", hash = "sha256:d8823763780ef94fed8b2c562f7485cf0bbee15fc7d065a640673667f7719c9a", size = 62793 }
wheels = [
    { url = "https://files.pythonhosted.org/packages/03/8b/ad381ec1b8195fa4a9a693cb8087e031b99530c0d6b8ad036dcb99e144c4/grpclib-0.4.8-py3-none-any.whl", hash = "sha256:a5047733a7acc1c1cee6abf3c841c7c6fab67d2844a45a853b113fa2e6cd2654", size = 76311 },
]

[[package]]
name = "h2"
version = "4.2.0"
source = { registry = "https://pypi.org/simple" }
dependencies = [
    { name = "hpack" },
    { name = "hyperframe" },
]
sdist = { url = "https://files.pythonhosted.org/packages/1b/38/d7f80fd13e6582fb8e0df8c9a653dcc02b03ca34f4d72f34869298c5baf8/h2-4.2.0.tar.gz", hash = "sha256:c8a52129695e88b1a0578d8d2cc6842bbd79128ac685463b887ee278126ad01f", size = 2150682 }
wheels = [
    { url = "https://files.pythonhosted.org/packages/d0/9e/984486f2d0a0bd2b024bf4bc1c62688fcafa9e61991f041fb0e2def4a982/h2-4.2.0-py3-none-any.whl", hash = "sha256:479a53ad425bb29af087f3458a61d30780bc818e4ebcf01f0b536ba916462ed0", size = 60957 },
]

[[package]]
name = "hpack"
version = "4.1.0"
source = { registry = "https://pypi.org/simple" }
sdist = { url = "https://files.pythonhosted.org/packages/2c/48/71de9ed269fdae9c8057e5a4c0aa7402e8bb16f2c6e90b3aa53327b113f8/hpack-4.1.0.tar.gz", hash = "sha256:ec5eca154f7056aa06f196a557655c5b009b382873ac8d1e66e79e87535f1dca", size = 51276 }
wheels = [
    { url = "https://files.pythonhosted.org/packages/07/c6/80c95b1b2b94682a72cbdbfb85b81ae2daffa4291fbfa1b1464502ede10d/hpack-4.1.0-py3-none-any.whl", hash = "sha256:157ac792668d995c657d93111f46b4535ed114f0c9c8d672271bbec7eae1b496", size = 34357 },
]

[[package]]
name = "hyperframe"
version = "6.1.0"
source = { registry = "https://pypi.org/simple" }
sdist = { url = "https://files.pythonhosted.org/packages/02/e7/94f8232d4a74cc99514c13a9f995811485a6903d48e5d952771ef6322e30/hyperframe-6.1.0.tar.gz", hash = "sha256:f630908a00854a7adeabd6382b43923a4c4cd4b821fcb527e6ab9e15382a3b08", size = 26566 }
wheels = [
    { url = "https://files.pythonhosted.org/packages/48/30/47d0bf6072f7252e6521f3447ccfa40b421b6824517f82854703d0f5a98b/hyperframe-6.1.0-py3-none-any.whl", hash = "sha256:b03380493a519fce58ea5af42e4a42317bf9bd425596f7a0835ffce80f1a42e5", size = 13007 },
]

[[package]]
name = "multidict"
version = "6.6.3"
source = { registry = "https://pypi.org/simple" }
sdist = { url = "https://files.pythonhosted.org/packages/3d/2c/5dad12e82fbdf7470f29bff2171484bf07cb3b16ada60a6589af8f376440/multidict-6.6.3.tar.gz", hash = "sha256:798a9eb12dab0a6c2e29c1de6f3468af5cb2da6053a20dfa3344907eed0937cc", size = 101006 }
wheels = [
    { url = "https://files.pythonhosted.org/packages/0e/a0/6b57988ea102da0623ea814160ed78d45a2645e4bbb499c2896d12833a70/multidict-6.6.3-cp312-cp312-macosx_10_13_universal2.whl", hash = "sha256:056bebbeda16b2e38642d75e9e5310c484b7c24e3841dc0fb943206a72ec89d6", size = 76514 },
    { url = "https://files.pythonhosted.org/packages/07/7a/d1e92665b0850c6c0508f101f9cf0410c1afa24973e1115fe9c6a185ebf7/multidict-6.6.3-cp312-cp312-macosx_10_13_x86_64.whl", hash = "sha256:e5f481cccb3c5c5e5de5d00b5141dc589c1047e60d07e85bbd7dea3d4580d63f", size = 45394 },
    { url = "https://files.pythonhosted.org/packages/52/6f/dd104490e01be6ef8bf9573705d8572f8c2d2c561f06e3826b081d9e6591/multidict-6.6.3-cp312-cp312-macosx_11_0_arm64.whl", hash = "sha256:10bea2ee839a759ee368b5a6e47787f399b41e70cf0c20d90dfaf4158dfb4e55", size = 43590 },
    { url = "https://files.pythonhosted.org/packages/44/fe/06e0e01b1b0611e6581b7fd5a85b43dacc08b6cea3034f902f383b0873e5/multidict-6.6.3-cp312-cp312-manylinux1_i686.manylinux2014_i686.manylinux_2_17_i686.manylinux_2_5_i686.whl", hash = "sha256:2334cfb0fa9549d6ce2c21af2bfbcd3ac4ec3646b1b1581c88e3e2b1779ec92b", size = 237292 },
    { url = "https://files.pythonhosted.org/packages/ce/71/4f0e558fb77696b89c233c1ee2d92f3e1d5459070a0e89153c9e9e804186/multidict-6.6.3-cp312-cp312-manylinux2014_aarch64.manylinux_2_17_aarch64.manylinux_2_28_aarch64.whl", hash = "sha256:b8fee016722550a2276ca2cb5bb624480e0ed2bd49125b2b73b7010b9090e888", size = 258385 },
    { url = "https://files.pythonhosted.org/packages/e3/25/cca0e68228addad24903801ed1ab42e21307a1b4b6dd2cf63da5d3ae082a/multidict-6.6.3-cp312-cp312-manylinux2014_armv7l.manylinux_2_17_armv7l.manylinux_2_31_armv7l.whl", hash = "sha256:e5511cb35f5c50a2db21047c875eb42f308c5583edf96bd8ebf7d770a9d68f6d", size = 242328 },
    { url = "https://files.pythonhosted.org/packages/6e/a3/46f2d420d86bbcb8fe660b26a10a219871a0fbf4d43cb846a4031533f3e0/multidict-6.6.3-cp312-cp312-manylinux2014_ppc64le.manylinux_2_17_ppc64le.manylinux_2_28_ppc64le.whl", hash = "sha256:712b348f7f449948e0a6c4564a21c7db965af900973a67db432d724619b3c680", size = 268057 },
    { url = "https://files.pythonhosted.org/packages/9e/73/1c743542fe00794a2ec7466abd3f312ccb8fad8dff9f36d42e18fb1ec33e/multidict-6.6.3-cp312-cp312-manylinux2014_s390x.manylinux_2_17_s390x.manylinux_2_28_s390x.whl", hash = "sha256:e4e15d2138ee2694e038e33b7c3da70e6b0ad8868b9f8094a72e1414aeda9c1a", size = 269341 },
    { url = "https://files.pythonhosted.org/packages/a4/11/6ec9dcbe2264b92778eeb85407d1df18812248bf3506a5a1754bc035db0c/multidict-6.6.3-cp312-cp312-manylinux2014_x86_64.manylinux_2_17_x86_64.manylinux_2_28_x86_64.whl", hash = "sha256:8df25594989aebff8a130f7899fa03cbfcc5d2b5f4a461cf2518236fe6f15961", size = 256081 },
    { url = "https://files.pythonhosted.org/packages/9b/2b/631b1e2afeb5f1696846d747d36cda075bfdc0bc7245d6ba5c319278d6c4/multidict-6.6.3-cp312-cp312-musllinux_1_2_aarch64.whl", hash = "sha256:159ca68bfd284a8860f8d8112cf0521113bffd9c17568579e4d13d1f1dc76b65", size = 253581 },
    { url = "https://files.pythonhosted.org/packages/bf/0e/7e3b93f79efeb6111d3bf9a1a69e555ba1d07ad1c11bceb56b7310d0d7ee/multidict-6.6.3-cp312-cp312-musllinux_1_2_armv7l.whl", hash = "sha256:e098c17856a8c9ade81b4810888c5ad1914099657226283cab3062c0540b0643", size = 250750 },
    { url = "https://files.pythonhosted.org/packages/ad/9e/086846c1d6601948e7de556ee464a2d4c85e33883e749f46b9547d7b0704/multidict-6.6.3-cp312-cp312-musllinux_1_2_i686.whl", hash = "sha256:67c92ed673049dec52d7ed39f8cf9ebbadf5032c774058b4406d18c8f8fe7063", size = 251548 },
    { url = "https://files.pythonhosted.org/packages/8c/7b/86ec260118e522f1a31550e87b23542294880c97cfbf6fb18cc67b044c66/multidict-6.6.3-cp312-cp312-musllinux_1_2_ppc64le.whl", hash = "sha256:bd0578596e3a835ef451784053cfd327d607fc39ea1a14812139339a18a0dbc3", size = 262718 },
    { url = "https://files.pythonhosted.org/packages/8c/bd/22ce8f47abb0be04692c9fc4638508b8340987b18691aa7775d927b73f72/multidict-6.6.3-cp312-cp312-musllinux_1_2_s390x.whl", hash = "sha256:346055630a2df2115cd23ae271910b4cae40f4e336773550dca4889b12916e75", size = 259603 },
    { url = "https://files.pythonhosted.org/packages/07/9c/91b7ac1691be95cd1f4a26e36a74b97cda6aa9820632d31aab4410f46ebd/multidict-6.6.3-cp312-cp312-musllinux_1_2_x86_64.whl", hash = "sha256:555ff55a359302b79de97e0468e9ee80637b0de1fce77721639f7cd9440b3a10", size = 251351 },
    { url = "https://files.pythonhosted.org/packages/6f/5c/4d7adc739884f7a9fbe00d1eac8c034023ef8bad71f2ebe12823ca2e3649/multidict-6.6.3-cp312-cp312-win32.whl", hash = "sha256:73ab034fb8d58ff85c2bcbadc470efc3fafeea8affcf8722855fb94557f14cc5", size = 41860 },
    { url = "https://files.pythonhosted.org/packages/6a/a3/0fbc7afdf7cb1aa12a086b02959307848eb6bcc8f66fcb66c0cb57e2a2c1/multidict-6.6.3-cp312-cp312-win_amd64.whl", hash = "sha256:04cbcce84f63b9af41bad04a54d4cc4e60e90c35b9e6ccb130be2d75b71f8c17", size = 45982 },
    { url = "https://files.pythonhosted.org/packages/b8/95/8c825bd70ff9b02462dc18d1295dd08d3e9e4eb66856d292ffa62cfe1920/multidict-6.6.3-cp312-cp312-win_arm64.whl", hash = "sha256:0f1130b896ecb52d2a1e615260f3ea2af55fa7dc3d7c3003ba0c3121a759b18b", size = 43210 },
    { url = "https://files.pythonhosted.org/packages/52/1d/0bebcbbb4f000751fbd09957257903d6e002943fc668d841a4cf2fb7f872/multidict-6.6.3-cp313-cp313-macosx_10_13_universal2.whl", hash = "sha256:540d3c06d48507357a7d57721e5094b4f7093399a0106c211f33540fdc374d55", size = 75843 },
    { url = "https://files.pythonhosted.org/packages/07/8f/cbe241b0434cfe257f65c2b1bcf9e8d5fb52bc708c5061fb29b0fed22bdf/multidict-6.6.3-cp313-cp313-macosx_10_13_x86_64.whl", hash = "sha256:9c19cea2a690f04247d43f366d03e4eb110a0dc4cd1bbeee4d445435428ed35b", size = 45053 },
    { url = "https://files.pythonhosted.org/packages/32/d2/0b3b23f9dbad5b270b22a3ac3ea73ed0a50ef2d9a390447061178ed6bdb8/multidict-6.6.3-cp313-cp313-macosx_11_0_arm64.whl", hash = "sha256:7af039820cfd00effec86bda5d8debef711a3e86a1d3772e85bea0f243a4bd65", size = 43273 },
    { url = "https://files.pythonhosted.org/packages/fd/fe/6eb68927e823999e3683bc49678eb20374ba9615097d085298fd5b386564/multidict-6.6.3-cp313-cp313-manylinux1_i686.manylinux2014_i686.manylinux_2_17_i686.manylinux_2_5_i686.whl", hash = "sha256:500b84f51654fdc3944e936f2922114349bf8fdcac77c3092b03449f0e5bc2b3", size = 237124 },
    { url = "https://files.pythonhosted.org/packages/e7/ab/320d8507e7726c460cb77117848b3834ea0d59e769f36fdae495f7669929/multidict-6.6.3-cp313-cp313-manylinux2014_aarch64.manylinux_2_17_aarch64.manylinux_2_28_aarch64.whl", hash = "sha256:f3fc723ab8a5c5ed6c50418e9bfcd8e6dceba6c271cee6728a10a4ed8561520c", size = 256892 },
    { url = "https://files.pythonhosted.org/packages/76/60/38ee422db515ac69834e60142a1a69111ac96026e76e8e9aa347fd2e4591/multidict-6.6.3-cp313-cp313-manylinux2014_armv7l.manylinux_2_17_armv7l.manylinux_2_31_armv7l.whl", hash = "sha256:94c47ea3ade005b5976789baaed66d4de4480d0a0bf31cef6edaa41c1e7b56a6", size = 240547 },
    { url = "https://files.pythonhosted.org/packages/27/fb/905224fde2dff042b030c27ad95a7ae744325cf54b890b443d30a789b80e/multidict-6.6.3-cp313-cp313-manylinux2014_ppc64le.manylinux_2_17_ppc64le.manylinux_2_28_ppc64le.whl", hash = "sha256:dbc7cf464cc6d67e83e136c9f55726da3a30176f020a36ead246eceed87f1cd8", size = 266223 },
    { url = "https://files.pythonhosted.org/packages/76/35/dc38ab361051beae08d1a53965e3e1a418752fc5be4d3fb983c5582d8784/multidict-6.6.3-cp313-cp313-manylinux2014_s390x.manylinux_2_17_s390x.manylinux_2_28_s390x.whl", hash = "sha256:900eb9f9da25ada070f8ee4a23f884e0ee66fe4e1a38c3af644256a508ad81ca", size = 267262 },
    { url = "https://files.pythonhosted.org/packages/1f/a3/0a485b7f36e422421b17e2bbb5a81c1af10eac1d4476f2ff92927c730479/multidict-6.6.3-cp313-cp313-manylinux2014_x86_64.manylinux_2_17_x86_64.manylinux_2_28_x86_64.whl", hash = "sha256:7c6df517cf177da5d47ab15407143a89cd1a23f8b335f3a28d57e8b0a3dbb884", size = 254345 },
    { url = "https://files.pythonhosted.org/packages/b4/59/bcdd52c1dab7c0e0d75ff19cac751fbd5f850d1fc39172ce809a74aa9ea4/multidict-6.6.3-cp313-cp313-musllinux_1_2_aarch64.whl", hash = "sha256:4ef421045f13879e21c994b36e728d8e7d126c91a64b9185810ab51d474f27e7", size = 252248 },
    { url = "https://files.pythonhosted.org/packages/bb/a4/2d96aaa6eae8067ce108d4acee6f45ced5728beda55c0f02ae1072c730d1/multidict-6.6.3-cp313-cp313-musllinux_1_2_armv7l.whl", hash = "sha256:6c1e61bb4f80895c081790b6b09fa49e13566df8fbff817da3f85b3a8192e36b", size = 250115 },
    { url = "https://files.pythonhosted.org/packages/25/d2/ed9f847fa5c7d0677d4f02ea2c163d5e48573de3f57bacf5670e43a5ffaa/multidict-6.6.3-cp313-cp313-musllinux_1_2_i686.whl", hash = "sha256:e5e8523bb12d7623cd8300dbd91b9e439a46a028cd078ca695eb66ba31adee3c", size = 249649 },
    { url = "https://files.pythonhosted.org/packages/1f/af/9155850372563fc550803d3f25373308aa70f59b52cff25854086ecb4a79/multidict-6.6.3-cp313-cp313-musllinux_1_2_ppc64le.whl", hash = "sha256:ef58340cc896219e4e653dade08fea5c55c6df41bcc68122e3be3e9d873d9a7b", size = 261203 },
    { url = "https://files.pythonhosted.org/packages/36/2f/c6a728f699896252cf309769089568a33c6439626648843f78743660709d/multidict-6.6.3-cp313-cp313-musllinux_1_2_s390x.whl", hash = "sha256:fc9dc435ec8699e7b602b94fe0cd4703e69273a01cbc34409af29e7820f777f1", size = 258051 },
    { url = "https://files.pythonhosted.org/packages/d0/60/689880776d6b18fa2b70f6cc74ff87dd6c6b9b47bd9cf74c16fecfaa6ad9/multidict-6.6.3-cp313-cp313-musllinux_1_2_x86_64.whl", hash = "sha256:9e864486ef4ab07db5e9cb997bad2b681514158d6954dd1958dfb163b83d53e6", size = 249601 },
    { url = "https://files.pythonhosted.org/packages/75/5e/325b11f2222a549019cf2ef879c1f81f94a0d40ace3ef55cf529915ba6cc/multidict-6.6.3-cp313-cp313-win32.whl", hash = "sha256:5633a82fba8e841bc5c5c06b16e21529573cd654f67fd833650a215520a6210e", size = 41683 },
    { url = "https://files.pythonhosted.org/packages/b1/ad/cf46e73f5d6e3c775cabd2a05976547f3f18b39bee06260369a42501f053/multidict-6.6.3-cp313-cp313-win_amd64.whl", hash = "sha256:e93089c1570a4ad54c3714a12c2cef549dc9d58e97bcded193d928649cab78e9", size = 45811 },
    { url = "https://files.pythonhosted.org/packages/c5/c9/2e3fe950db28fb7c62e1a5f46e1e38759b072e2089209bc033c2798bb5ec/multidict-6.6.3-cp313-cp313-win_arm64.whl", hash = "sha256:c60b401f192e79caec61f166da9c924e9f8bc65548d4246842df91651e83d600", size = 43056 },
    { url = "https://files.pythonhosted.org/packages/3a/58/aaf8114cf34966e084a8cc9517771288adb53465188843d5a19862cb6dc3/multidict-6.6.3-cp313-cp313t-macosx_10_13_universal2.whl", hash = "sha256:02fd8f32d403a6ff13864b0851f1f523d4c988051eea0471d4f1fd8010f11134", size = 82811 },
    { url = "https://files.pythonhosted.org/packages/71/af/5402e7b58a1f5b987a07ad98f2501fdba2a4f4b4c30cf114e3ce8db64c87/multidict-6.6.3-cp313-cp313t-macosx_10_13_x86_64.whl", hash = "sha256:f3aa090106b1543f3f87b2041eef3c156c8da2aed90c63a2fbed62d875c49c37", size = 48304 },
    { url = "https://files.pythonhosted.org/packages/39/65/ab3c8cafe21adb45b24a50266fd747147dec7847425bc2a0f6934b3ae9ce/multidict-6.6.3-cp313-cp313t-macosx_11_0_arm64.whl", hash = "sha256:e924fb978615a5e33ff644cc42e6aa241effcf4f3322c09d4f8cebde95aff5f8", size = 46775 },
    { url = "https://files.pythonhosted.org/packages/49/ba/9fcc1b332f67cc0c0c8079e263bfab6660f87fe4e28a35921771ff3eea0d/multidict-6.6.3-cp313-cp313t-manylinux1_i686.manylinux2014_i686.manylinux_2_17_i686.manylinux_2_5_i686.whl", hash = "sha256:b9fe5a0e57c6dbd0e2ce81ca66272282c32cd11d31658ee9553849d91289e1c1", size = 229773 },
    { url = "https://files.pythonhosted.org/packages/a4/14/0145a251f555f7c754ce2dcbcd012939bbd1f34f066fa5d28a50e722a054/multidict-6.6.3-cp313-cp313t-manylinux2014_aarch64.manylinux_2_17_aarch64.manylinux_2_28_aarch64.whl", hash = "sha256:b24576f208793ebae00280c59927c3b7c2a3b1655e443a25f753c4611bc1c373", size = 250083 },
    { url = "https://files.pythonhosted.org/packages/9e/d4/d5c0bd2bbb173b586c249a151a26d2fb3ec7d53c96e42091c9fef4e1f10c/multidict-6.6.3-cp313-cp313t-manylinux2014_armv7l.manylinux_2_17_armv7l.manylinux_2_31_armv7l.whl", hash = "sha256:135631cb6c58eac37d7ac0df380294fecdc026b28837fa07c02e459c7fb9c54e", size = 228980 },
    { url = "https://files.pythonhosted.org/packages/21/32/c9a2d8444a50ec48c4733ccc67254100c10e1c8ae8e40c7a2d2183b59b97/multidict-6.6.3-cp313-cp313t-manylinux2014_ppc64le.manylinux_2_17_ppc64le.manylinux_2_28_ppc64le.whl", hash = "sha256:274d416b0df887aef98f19f21578653982cfb8a05b4e187d4a17103322eeaf8f", size = 257776 },
    { url = "https://files.pythonhosted.org/packages/68/d0/14fa1699f4ef629eae08ad6201c6b476098f5efb051b296f4c26be7a9fdf/multidict-6.6.3-cp313-cp313t-manylinux2014_s390x.manylinux_2_17_s390x.manylinux_2_28_s390x.whl", hash = "sha256:e252017a817fad7ce05cafbe5711ed40faeb580e63b16755a3a24e66fa1d87c0", size = 256882 },
    { url = "https://files.pythonhosted.org/packages/da/88/84a27570fbe303c65607d517a5f147cd2fc046c2d1da02b84b17b9bdc2aa/multidict-6.6.3-cp313-cp313t-manylinux2014_x86_64.manylinux_2_17_x86_64.manylinux_2_28_x86_64.whl", hash = "sha256:2e4cc8d848cd4fe1cdee28c13ea79ab0ed37fc2e89dd77bac86a2e7959a8c3bc", size = 247816 },
    { url = "https://files.pythonhosted.org/packages/1c/60/dca352a0c999ce96a5d8b8ee0b2b9f729dcad2e0b0c195f8286269a2074c/multidict-6.6.3-cp313-cp313t-musllinux_1_2_aarch64.whl", hash = "sha256:9e236a7094b9c4c1b7585f6b9cca34b9d833cf079f7e4c49e6a4a6ec9bfdc68f", size = 245341 },
    { url = "https://files.pythonhosted.org/packages/50/ef/433fa3ed06028f03946f3993223dada70fb700f763f70c00079533c34578/multidict-6.6.3-cp313-cp313t-musllinux_1_2_armv7l.whl", hash = "sha256:e0cb0ab69915c55627c933f0b555a943d98ba71b4d1c57bc0d0a66e2567c7471", size = 235854 },
    { url = "https://files.pythonhosted.org/packages/1b/1f/487612ab56fbe35715320905215a57fede20de7db40a261759690dc80471/multidict-6.6.3-cp313-cp313t-musllinux_1_2_i686.whl", hash = "sha256:81ef2f64593aba09c5212a3d0f8c906a0d38d710a011f2f42759704d4557d3f2", size = 243432 },
    { url = "https://files.pythonhosted.org/packages/da/6f/ce8b79de16cd885c6f9052c96a3671373d00c59b3ee635ea93e6e81b8ccf/multidict-6.6.3-cp313-cp313t-musllinux_1_2_ppc64le.whl", hash = "sha256:b9cbc60010de3562545fa198bfc6d3825df430ea96d2cc509c39bd71e2e7d648", size = 252731 },
    { url = "https://files.pythonhosted.org/packages/bb/fe/a2514a6aba78e5abefa1624ca85ae18f542d95ac5cde2e3815a9fbf369aa/multidict-6.6.3-cp313-cp313t-musllinux_1_2_s390x.whl", hash = "sha256:70d974eaaa37211390cd02ef93b7e938de564bbffa866f0b08d07e5e65da783d", size = 247086 },
    { url = "https://files.pythonhosted.org/packages/8c/22/b788718d63bb3cce752d107a57c85fcd1a212c6c778628567c9713f9345a/multidict-6.6.3-cp313-cp313t-musllinux_1_2_x86_64.whl", hash = "sha256:3713303e4a6663c6d01d648a68f2848701001f3390a030edaaf3fc949c90bf7c", size = 243338 },
    { url = "https://files.pythonhosted.org/packages/22/d6/fdb3d0670819f2228f3f7d9af613d5e652c15d170c83e5f1c94fbc55a25b/multidict-6.6.3-cp313-cp313t-win32.whl", hash = "sha256:639ecc9fe7cd73f2495f62c213e964843826f44505a3e5d82805aa85cac6f89e", size = 47812 },
    { url = "https://files.pythonhosted.org/packages/b6/d6/a9d2c808f2c489ad199723197419207ecbfbc1776f6e155e1ecea9c883aa/multidict-6.6.3-cp313-cp313t-win_amd64.whl", hash = "sha256:9f97e181f344a0ef3881b573d31de8542cc0dbc559ec68c8f8b5ce2c2e91646d", size = 53011 },
    { url = "https://files.pythonhosted.org/packages/f2/40/b68001cba8188dd267590a111f9661b6256debc327137667e832bf5d66e8/multidict-6.6.3-cp313-cp313t-win_arm64.whl", hash = "sha256:ce8b7693da41a3c4fde5871c738a81490cea5496c671d74374c8ab889e1834fb", size = 45254 },
    { url = "https://files.pythonhosted.org/packages/d8/30/9aec301e9772b098c1f5c0ca0279237c9766d94b97802e9888010c64b0ed/multidict-6.6.3-py3-none-any.whl", hash = "sha256:8db10f29c7541fc5da4defd8cd697e1ca429db743fa716325f236079b96f775a", size = 12313 },
]

[[package]]
name = "protobuf"
version = "5.29.5"
source = { registry = "https://pypi.org/simple" }
sdist = { url = "https://files.pythonhosted.org/packages/43/29/d09e70352e4e88c9c7a198d5645d7277811448d76c23b00345670f7c8a38/protobuf-5.29.5.tar.gz", hash = "sha256:bc1463bafd4b0929216c35f437a8e28731a2b7fe3d98bb77a600efced5a15c84", size = 425226 }
wheels = [
    { url = "https://files.pythonhosted.org/packages/5f/11/6e40e9fc5bba02988a214c07cf324595789ca7820160bfd1f8be96e48539/protobuf-5.29.5-cp310-abi3-win32.whl", hash = "sha256:3f1c6468a2cfd102ff4703976138844f78ebd1fb45f49011afc5139e9e283079", size = 422963 },
    { url = "https://files.pythonhosted.org/packages/81/7f/73cefb093e1a2a7c3ffd839e6f9fcafb7a427d300c7f8aef9c64405d8ac6/protobuf-5.29.5-cp310-abi3-win_amd64.whl", hash = "sha256:3f76e3a3675b4a4d867b52e4a5f5b78a2ef9565549d4037e06cf7b0942b1d3fc", size = 434818 },
    { url = "https://files.pythonhosted.org/packages/dd/73/10e1661c21f139f2c6ad9b23040ff36fee624310dc28fba20d33fdae124c/protobuf-5.29.5-cp38-abi3-macosx_10_9_universal2.whl", hash = "sha256:e38c5add5a311f2a6eb0340716ef9b039c1dfa428b28f25a7838ac329204a671", size = 418091 },
    { url = "https://files.pythonhosted.org/packages/6c/04/98f6f8cf5b07ab1294c13f34b4e69b3722bb609c5b701d6c169828f9f8aa/protobuf-5.29.5-cp38-abi3-manylinux2014_aarch64.whl", hash = "sha256:fa18533a299d7ab6c55a238bf8629311439995f2e7eca5caaff08663606e9015", size = 319824 },
    { url = "https://files.pythonhosted.org/packages/85/e4/07c80521879c2d15f321465ac24c70efe2381378c00bf5e56a0f4fbac8cd/protobuf-5.29.5-cp38-abi3-manylinux2014_x86_64.whl", hash = "sha256:63848923da3325e1bf7e9003d680ce6e14b07e55d0473253a690c3a8b8fd6e61", size = 319942 },
    { url = "https://files.pythonhosted.org/packages/7e/cc/7e77861000a0691aeea8f4566e5d3aa716f2b1dece4a24439437e41d3d25/protobuf-5.29.5-py3-none-any.whl", hash = "sha256:6cf42630262c59b2d8de33954443d94b746c952b01434fc58a417fdbd2e84bd5", size = 172823 },
]

[[package]]
name = "pymongo"
version = "4.14.0"
source = { registry = "https://pypi.org/simple" }
dependencies = [
    { name = "dnspython" },
]
sdist = { url = "https://files.pythonhosted.org/packages/bf/1c/f148bb1747c48955dbeea34a53c6d60b858f902c61c62330d277ee806af7/pymongo-4.14.0.tar.gz", hash = "sha256:15674e3fddce78cf134fc4e55f90abf1608a48430130cd35efdf3802fd47a1d1", size = 2213509 }
wheels = [
    { url = "https://files.pythonhosted.org/packages/ca/fd/71936f5188d76e1e5d86749c39fb15f7aaf7fdc0a81d62ca084cad9ed740/pymongo-4.14.0-cp312-cp312-macosx_10_13_x86_64.whl", hash = "sha256:864f005459ef9b19c60cb96ca755124e0291d211000859f33c62a166f55eba27", size = 914026 },
    { url = "https://files.pythonhosted.org/packages/bd/7e/821ec87233b0cdc0cb5b2f9845d7ff52e94e5a37cc05c6d59a3d6c5f6f98/pymongo-4.14.0-cp312-cp312-macosx_11_0_arm64.whl", hash = "sha256:69956f971a6f8dafc62e5c83ac21ebf15d5757e13758284f12218ad7fbd3c0fe", size = 913721 },
    { url = "https://files.pythonhosted.org/packages/82/67/174f6b92efe4da967e8fcbaa25e59c6cb06efd395cacc9558c1254565031/pymongo-4.14.0-cp312-cp312-manylinux_2_17_aarch64.manylinux2014_aarch64.whl", hash = "sha256:91200f47453a1cb97136629e28f4091a109756ec37067b622f90c4b626b4af8d", size = 1692360 },
    { url = "https://files.pythonhosted.org/packages/d1/b5/36e84df138cd4a8280334ed5e6e7f5fa52a9cbe933cd68d9e10c9bca6639/pymongo-4.14.0-cp312-cp312-manylinux_2_17_ppc64le.manylinux2014_ppc64le.whl", hash = "sha256:c32f5e23e9dd31e20800d993f3695b6627664dc7da30ac1669f9716833b33175", size = 1756598 },
    { url = "https://files.pythonhosted.org/packages/ad/7f/c6964ce567a4cc6248d7f0959af9b7d9e51837a3ca3d54b15ade6eecf376/pymongo-4.14.0-cp312-cp312-manylinux_2_17_s390x.manylinux2014_s390x.whl", hash = "sha256:f4407c1ab7514e08d4af0f58cf9d7eddc86e45e458fe46f99a72a5d18dbc71dc", size = 1725641 },
    { url = "https://files.pythonhosted.org/packages/7d/5b/827dca0b1b53118a96749a63886c1bbc04bf56b68424038baf7dabc98380/pymongo-4.14.0-cp312-cp312-manylinux_2_17_x86_64.manylinux2014_x86_64.whl", hash = "sha256:0ec6666e599ee10cc5cde0cc6a8519373384a14af3a310ede1bf177105f38fb0", size = 1695618 },
    { url = "https://files.pythonhosted.org/packages/9e/45/f53f6531836f9da26b753c60e0d0a0c6f22ac023ba8ef1286addf56ce86f/pymongo-4.14.0-cp312-cp312-manylinux_2_5_i686.manylinux1_i686.manylinux_2_17_i686.manylinux2014_i686.whl", hash = "sha256:a809a982a843bb561c7030059d54ea7f1dcc967cc72a45f1435695e2a2a515a5", size = 1654748 },
    { url = "https://files.pythonhosted.org/packages/83/3b/4b33d36c00a0c44889322b8e9a0650aa5668bc531f6301f01ad7a242d120/pymongo-4.14.0-cp312-cp312-win32.whl", hash = "sha256:3866d031fcbe81d7677c078026e650aeef8915560ba758a28051debce38f6b77", size = 884844 },
    { url = "https://files.pythonhosted.org/packages/eb/f6/68b52e16fb831c246171379ae2115cc8cb282f6b7b47fbe7fb8cc4b9df1f/pymongo-4.14.0-cp312-cp312-win_amd64.whl", hash = "sha256:91b8de871a40225bbe4f92d6dc3f20c26bf838e49d3563592131401af0d665a6", size = 904277 },
    { url = "https://files.pythonhosted.org/packages/97/99/d6c145e57387bfa2b6d90f4f5285f2b0903625733dcc6403aa9d7abeddbb/pymongo-4.14.0-cp313-cp313-macosx_10_13_x86_64.whl", hash = "sha256:54576faf8e6fefe17886a201f9df61bdf728ccac9a7a0847095a0e8480cd6ec1", size = 968259 },
    { url = "https://files.pythonhosted.org/packages/8d/36/5226af83554bbfa0d754aa1ab022af92f64a2376604d56c9a8c50e247b85/pymongo-4.14.0-cp313-cp313-macosx_11_0_arm64.whl", hash = "sha256:c64ef5e58adedecb853a680eb5d1aea50770197f212e202d6eb50c801797b576", size = 967959 },
    { url = "https://files.pythonhosted.org/packages/6d/f5/4e627e3e5230e8c62c5fe218b5cb1347a1b01932fd6446c3f03e18ec29c5/pymongo-4.14.0-cp313-cp313-manylinux_2_17_aarch64.manylinux2014_aarch64.whl", hash = "sha256:5f1c0cdddf9783065bf55d3fe025843c0974a828bafc9bb5514ae28dd2828a40", size = 1956074 },
    { url = "https://files.pythonhosted.org/packages/16/05/989cfdc8536245a55a549f76ba20356822ebfce752e72a5164bd0795ace0/pymongo-4.14.0-cp313-cp313-manylinux_2_17_ppc64le.manylinux2014_ppc64le.whl", hash = "sha256:22805d4fa587b526ac3129ee634a8761abbeb76883045718438f5b8e72f91ce6", size = 2033427 },
    { url = "https://files.pythonhosted.org/packages/93/a5/fafef0230fa6cc5d4bb5addcea77d8b71f4eca4d31a5a596d26398aaa45a/pymongo-4.14.0-cp313-cp313-manylinux_2_17_s390x.manylinux2014_s390x.whl", hash = "sha256:7c3e6e669cf36b27694de2730f5d5b31ef492ffe99446563192c4e8ee84ca859", size = 1997344 },
    { url = "https://files.pythonhosted.org/packages/9b/6c/1170d5c8e087832dba2b0930ec90bafde8a59efa37b521d9a5902ec9d282/pymongo-4.14.0-cp313-cp313-manylinux_2_17_x86_64.manylinux2014_x86_64.whl", hash = "sha256:9763a2477d5388df65ab6f591cf0cb7fd34f4a66f873c31e63288fd79887742c", size = 1958072 },
    { url = "https://files.pythonhosted.org/packages/27/7b/bb07c7c4c102046ff92f3acd05d85870e06a08df2a0fcd2e87586f2516fe/pymongo-4.14.0-cp313-cp313-manylinux_2_5_i686.manylinux1_i686.manylinux_2_17_i686.manylinux2014_i686.whl", hash = "sha256:88d6f5aceab3528b8760942a57635599925f7fd743691f9d759a02124207dfd0", size = 1907647 },
    { url = "https://files.pythonhosted.org/packages/21/e6/c0ee2163133f1a437cd3b0308521e24181b69b5510b9eabde9ee86999c12/pymongo-4.14.0-cp313-cp313-win32.whl", hash = "sha256:e283feafde118cbbb03adc036b882be042b0a2eca121ec5d6bbec3e12980e8fa", size = 931673 },
    { url = "https://files.pythonhosted.org/packages/ec/1d/1692f0696d8e6bcb3e43469999eeb92d5f0acdb9a50aca2c869820321df9/pymongo-4.14.0-cp313-cp313-win_amd64.whl", hash = "sha256:a29b62d421a512833e99d4781b64e695cfe23b4c4a9159ea83e56fc2660f2480", size = 955893 },
    { url = "https://files.pythonhosted.org/packages/fd/19/f3ed531d7151dc2d1be27746c206e74403283873ec5d12170616982eccb0/pymongo-4.14.0-cp313-cp313t-macosx_10_13_x86_64.whl", hash = "sha256:67225d5fb1be2a34c6f73cde9d81a8041a095a94ed2433e2cf9e2f1657443def", size = 1024757 },
    { url = "https://files.pythonhosted.org/packages/36/f9/38782d41e16d11ba540ddfc618104e249a5b950a446b8a77a17f3416c6e6/pymongo-4.14.0-cp313-cp313t-macosx_11_0_arm64.whl", hash = "sha256:bbf0dbe8554978c1271bdc82366852245a03ab124a1387b6f3531f64adac3c39", size = 1024765 },
    { url = "https://files.pythonhosted.org/packages/82/75/b385aa6ed09d077b47b00d4bc3c4b9bdac97b50fde3be7599ff9ceef8cbc/pymongo-4.14.0-cp313-cp313t-manylinux_2_17_aarch64.manylinux2014_aarch64.whl", hash = "sha256:b7f61561cbc7426ffc2d37b46e65ab5323fc366644f70c8e2240ed5452e2c402", size = 2284433 },
    { url = "https://files.pythonhosted.org/packages/f2/29/d0dbf281e58e26dbeef4e972905b371c63d33c5aa8caa0d58140224bfee5/pymongo-4.14.0-cp313-cp313t-manylinux_2_17_ppc64le.manylinux2014_ppc64le.whl", hash = "sha256:502cd551679753fb7838221c3bbb963da4b4aa0576848192afb1f78128ff729a", size = 2371473 },
    { url = "https://files.pythonhosted.org/packages/db/eb/089dfc96a29881ed17964705ea254da2f8b3aebf9754abd6aaa8125e1589/pymongo-4.14.0-cp313-cp313t-manylinux_2_17_s390x.manylinux2014_s390x.whl", hash = "sha256:cba6b59afef2b47c4859bf36115fa577330601b93e39d04f39fcc6103e801286", size = 2330862 },
    { url = "https://files.pythonhosted.org/packages/35/07/b4f1215314e5f1114a899c33f17219b1f590502c736058c50571fa189ed1/pymongo-4.14.0-cp313-cp313t-manylinux_2_17_x86_64.manylinux2014_x86_64.whl", hash = "sha256:1c0fa103f978c15f7c2f0d7b2e010c24c327432a0310503bc0ec93c5f9be9e81", size = 2282058 },
    { url = "https://files.pythonhosted.org/packages/c0/a1/87340e5a38003ef3591fdfc4b911fb32531b0dbbed8ab2431006858590fe/pymongo-4.14.0-cp313-cp313t-manylinux_2_5_i686.manylinux1_i686.manylinux_2_17_i686.manylinux2014_i686.whl", hash = "sha256:5fe93676afe37794f01b8df5cf16528dce4d7d174cdf51ea1586c234eb5263c2", size = 2221380 },
    { url = "https://files.pythonhosted.org/packages/0a/68/3970d18b0b58c4681598bc1e233f33c15ff0c388422b17ddd195e214f35d/pymongo-4.14.0-cp313-cp313t-win32.whl", hash = "sha256:1462fc2bb39527f01eea5378172b66c45d62e22fa4be957afe2ec747c4d2ff51", size = 980892 },
    { url = "https://files.pythonhosted.org/packages/2d/fa/68b1555e62ed3ee87f8a2de99d5fb840cf045748da4488870b4dced44a95/pymongo-4.14.0-cp313-cp313t-win_amd64.whl", hash = "sha256:e506af9b25aac77cc5c5ea4a72f81764e4f5ea90ca799aac43d665ab269f291d", size = 1011181 },
]

[[package]]
name = "smbus2"
version = "0.5.0"
source = { registry = "https://pypi.org/simple" }
sdist = { url = "https://files.pythonhosted.org/packages/10/c9/6d85aa809e107adf85303010a59b340be109c8f815cbedc5c08c73bcffef/smbus2-0.5.0.tar.gz", hash = "sha256:4a5946fd82277870c2878befdb1a29bb28d15cda14ea4d8d2d54cf3d4bdcb035", size = 16950 }
wheels = [
    { url = "https://files.pythonhosted.org/packages/85/9f/2235ba9001e3c29fc342eeb222104420bcb7bac51555f0c034376a744075/smbus2-0.5.0-py2.py3-none-any.whl", hash = "sha256:1a15c3b9fa69357beb038cc0b5d37939702f8bfde1ddc89ca9f17d8461dbe949", size = 11527 },
]

[[package]]
name = "typing-extensions"
version = "4.14.1"
source = { registry = "https://pypi.org/simple" }
sdist = { url = "https://files.pythonhosted.org/packages/98/5a/da40306b885cc8c09109dc2e1abd358d5684b1425678151cdaed4731c822/typing_extensions-4.14.1.tar.gz", hash = "sha256:38b39f4aeeab64884ce9f74c94263ef78f3c22467c8724005483154c26648d36", size = 107673 }
wheels = [
    { url = "https://files.pythonhosted.org/packages/b5/00/d631e67a838026495268c2f6884f3711a15a9a2a96cd244fdaea53b823fb/typing_extensions-4.14.1-py3-none-any.whl", hash = "sha256:d1e1e3b58374dc93031d6eda2420a48ea44a36c2b4766a4fdeb3710755731d76", size = 43906 },
]

[[package]]
name = "viam-sdk"
version = "0.51.0"
source = { registry = "https://pypi.org/simple" }
dependencies = [
    { name = "googleapis-common-protos" },
    { name = "grpclib" },
    { name = "protobuf" },
    { name = "pymongo" },
    { name = "typing-extensions" },
]
wheels = [
    { url = "https://files.pythonhosted.org/packages/58/5d/0d5d98141eeff8c7beff5d21faf09f5343a58920b44e1b0bfa2ecdf2e069/viam_sdk-0.51.0-py3-none-linux_armv6l.whl", hash = "sha256:6989856a4c5c5faeb30d39250888286fc2e668d9e2fb5b13d7ac9b755bd7593d", size = 8296700 },
    { url = "https://files.pythonhosted.org/packages/04/5e/65c02c8dd03a060d8dc0d2fa13624ce0c102cca108f0a3fbf6d270139d3d/viam_sdk-0.51.0-py3-none-linux_armv7l.whl", hash = "sha256:8c60d77a345221541ed1955dc9e71ef00f10bac9768f9831d6a3ceb0431cef57", size = 8296975 },
    { url = "https://files.pythonhosted.org/packages/49/f2/300dd16a3505e48ab69fc6faac4d7a891324c3fdac5c2ca9f45b03bdc825/viam_sdk-0.51.0-py3-none-macosx_10_16_x86_64.whl", hash = "sha256:806ec6728f42a912e66bcbf4310af95bbdabe446f437dbd3ffc3863a756d8d2c", size = 7870364 },
    { url = "https://files.pythonhosted.org/packages/f5/6f/f145231404d859f6c01537cd71448a01ac26748569a73280c3d49c72e272/viam_sdk-0.51.0-py3-none-macosx_11_0_arm64.whl", hash = "sha256:17716140beb59dd8dc6e16baac52a0a827434aaf33150d92aaca8bc7411cb7c0", size = 7603536 },
    { url = "https://files.pythonhosted.org/packages/f4/69/e2451f1e4863e7ac7551d21b391864e05426da81e24777108af45a494045/viam_sdk-0.51.0-py3-none-manylinux2014_aarch64.whl", hash = "sha256:47c04a8fe50e912fca2cafdcda854ea5735cd53d306bf1fcff636908067e47f5", size = 8474281 },
    { url = "https://files.pythonhosted.org/packages/c6/d5/273ed0d1dd43296eb03cc9e90ad786dc718b47182e04322f684beab4d5eb/viam_sdk-0.51.0-py3-none-manylinux2014_x86_64.whl", hash = "sha256:f8e91f60a8a425599663998abb7a1bdd51f8157754fb826bc1d8c7a652fe78dd", size = 8549458 },
    { url = "https://files.pythonhosted.org/packages/e1/7d/c2f65af86a126bed9fd290d4e40083e8c6661faaf0ccf8921293e9d7c00f/viam_sdk-0.51.0-py3-none-musllinux_1_2_aarch64.whl", hash = "sha256:62699b0aa633311471ddfeb1e15d56978ea45a0e882d1a9b629caf6398c96be2", size = 8346370 },
    { url = "https://files.pythonhosted.org/packages/eb/8c/21a699e80fe306db1f6c68a07938373de30263db851e258b02ae984979ea/viam_sdk-0.51.0-py3-none-musllinux_1_2_armv7l.whl", hash = "sha256:737235889f46a1432aa8e57770e2c843972e891bd5f5c992a063f2ed4563ee1e", size = 8184312 },
    { url = "https://files.pythonhosted.org/packages/22/ed/06ec2ad8d1662a1b5ef41ff1be073e383e2d04bdc410e12b778be7cb4cb9/viam_sdk-0.51.0-py3-none-musllinux_1_2_i686.whl", hash = "sha256:a64fad1f4f88ea5aad20a9f110c8016e5da6ae1bfa79862dce917591543ffe41", size = 8433593 },
    { url = "https://files.pythonhosted.org/packages/f3/05/d4d9dfa33bab3971fd5c8ce7c5337dfced4aa53483e55b73fcfcb3cc5591/viam_sdk-0.51.0-py3-none-musllinux_1_2_x86_64.whl", hash = "sha256:3782e6cf499ecbeaf2dd1f06581d7c3bd4fdbcff152022ac97a2edcb5ba8be9d", size = 8556937 },
    { url = "https://files.pythonhosted.org/packages/76/fe/3bd7fa6d6d015c7f80f60dfa6444835355f2c3da9cd724e05bcb42088b49/viam_sdk-0.51.0-py3-none-win_amd64.whl", hash = "sha256:2da1f434915e317d6feb3ca368e10c9892ca702c55b19be0f2efa44d85d8c69d", size = 7174819 },
]
